# This file was autogenerated by Stack.
# You should not edit this file by hand.
# For more information, please see the documentation at:
#   https://docs.haskellstack.org/en/stable/topics/lock_files

packages:
- completed:
    hackage: pollock-0.1.0.1@sha256:36ca228aa40ca6c29b590d16e0e165f2212946882d190e63a20080c6ee449c29,3889
    pantry-tree:
      sha256: d493bc13938be2303f010b031a7514d7907c726d8ab0a1048772c862931ce152
      size: 1182
  original:
    hackage: pollock-0.1.0.1
snapshots:
- completed:
    sha256: 72cdd5851794184138551f43f0897c28f1a5acdda303b266aa9e910461103b3c
    size: 726784
    url: https://raw.githubusercontent.com/commercialhaskell/stackage-snapshots/master/lts/24/28.yaml
  original: lts-24.28
