# This file was autogenerated by Stack.
# You should not edit this file by hand.
# For more information, please see the documentation at:
#   https://docs.haskellstack.org/en/stable/lock_files

packages:
- completed:
    hackage: pollock-0.1.0.0@sha256:c9b95b5144d788dfb0b79704e3bc706e6ce39114f100883977fd80db7eb34014,3642
    pantry-tree:
      sha256: d15e311f8f1b2bea7778ec38f45bbb589b656baeac7fe862f217e8b0e5faf924
      size: 1182
  original:
    hackage: pollock-0.1.0.0
snapshots:
- completed:
    sha256: 1d5fb7e344e76dd2c8958e3061d4e4dabb50a1355e6ff02e7d0e4f754c0adf47
    size: 640015
    url: https://raw.githubusercontent.com/commercialhaskell/stackage-snapshots/master/lts/21/5.yaml
  original: lts-21.5
