# This file was autogenerated by Stack.
# You should not edit this file by hand.
# For more information, please see the documentation at:
#   https://docs.haskellstack.org/en/stable/lock_files

packages:
- completed:
    commit: bcdc0a1668ff2bc4c8233637100249ae9af616f4
    git: https://github.com/telser/pollock.git
    name: pollock
    pantry-tree:
      sha256: 927e8af5e4914e426188be93f8f4c05b02859e88b6d11e3359f42625b3d242c1
      size: 1640
    version: 0.1.0.1
  original:
    commit: bcdc0a1668ff2bc4c8233637100249ae9af616f4
    git: https://github.com/telser/pollock.git
- completed:
    hackage: tomland-1.3.3.2@sha256:887dc39a8c9819deb8fcb6fde72e87dad4c94108b1736a5bf7215ccf3117bd0f,9474
    pantry-tree:
      sha256: 09b5c00b3b129ff3ead6a57489d1c5af24567ab9d08399ab3bf53f43affcc60b
      size: 6430
  original:
    hackage: tomland-1.3.3.2@sha256:887dc39a8c9819deb8fcb6fde72e87dad4c94108b1736a5bf7215ccf3117bd0f,9474
- completed:
    hackage: validation-selective-0.2.0.0@sha256:e1ab5482dede8bf676d729a09109c7c5f798363b9d458e4197a27afb8b48fdd3,3907
    pantry-tree:
      sha256: c5f1ddcb6a721cdb12cdec1e12af3ad7dcc936745e3fd53e5dd09b4a12b83bd5
      size: 697
  original:
    hackage: validation-selective-0.2.0.0@sha256:e1ab5482dede8bf676d729a09109c7c5f798363b9d458e4197a27afb8b48fdd3,3907
snapshots:
- completed:
    sha256: 4be1ca5d31689b524a7f0f17a439bbe9136465213edc498e9a395899a670f2aa
    size: 718486
    url: https://raw.githubusercontent.com/commercialhaskell/stackage-snapshots/master/lts/22/22.yaml
  original: lts-22.22
