# This file was autogenerated by Stack.
# You should not edit this file by hand.
# For more information, please see the documentation at:
#   https://docs.haskellstack.org/en/stable/lock_files

packages:
- completed:
    hackage: haddock-api-2.26.0@sha256:301b2d2d37dd1eea3c37e8f8eea0bf8f81edde10e9f067d70d675a62e556808b,5940
    pantry-tree:
      sha256: f3b937bfe77c6d8d5f52d7c8d111d868e014584e944cdb9e0b6444683d4f8ecb
      size: 4453
  original:
    hackage: haddock-api-2.26.0
- completed:
    hackage: haddock-library-1.10.0@sha256:8f3e564752f95e375915d17a63b6dfb576b2b11673e4cf80f259b6fd4666ceba,4178
    pantry-tree:
      sha256: bc09291239d1c4f7e9db2607e8bf776db9078318a1175d2d5c0b49ddf29aad40
      size: 3645
  original:
    hackage: haddock-library-1.10.0
snapshots:
- completed:
    sha256: 23bb9bb355bfdb1635252e120a29b712f0d5e8a6c6a65c5ab5bd6692f46c438e
    size: 640457
    url: https://raw.githubusercontent.com/commercialhaskell/stackage-snapshots/master/lts/21/7.yaml
  original: lts-21.7
